
Microsoft Visual Studio Solution File, Format Version 12.00
# Visual Studio Version 17
VisualStudioVersion = 17.5.002.0
MinimumVisualStudioVersion = 10.0.40219.1
Project("{9A19103F-16F7-4668-BE54-9A1E7A4F7556}") = "DeepLTranslateTool", "DeepLTranslateTool.csproj", "{BBA43A75-8447-4562-815A-552A6EDB79F0}"
EndProject
Global
	GlobalSection(SolutionConfigurationPlatforms) = preSolution
		Debug|Any CPU = Debug|Any CPU
		Release|Any CPU = Release|Any CPU
	EndGlobalSection
	GlobalSection(ProjectConfigurationPlatforms) = postSolution
		{BBA43A75-8447-4562-815A-552A6EDB79F0}.Debug|Any CPU.ActiveCfg = Debug|Any CPU
		{BBA43A75-8447-4562-815A-552A6EDB79F0}.Debug|Any CPU.Build.0 = Debug|Any CPU
		{BBA43A75-8447-4562-815A-552A6EDB79F0}.Release|Any CPU.ActiveCfg = Release|Any CPU
		{BBA43A75-8447-4562-815A-552A6EDB79F0}.Release|Any CPU.Build.0 = Release|Any CPU
	EndGlobalSection
	GlobalSection(SolutionProperties) = preSolution
		HideSolutionNode = FALSE
	EndGlobalSection
	GlobalSection(ExtensibilityGlobals) = postSolution
		SolutionGuid = {A76B404F-C4AE-4E4F-BCFB-BDFBE08FB9AD}
	EndGlobalSection
EndGlobal
